
Microsoft Visual Studio Solution File, Format Version 12.00
# Visual Studio 15
VisualStudioVersion = 15.0.27703.2026
MinimumVisualStudioVersion = 10.0.40219.1
Project("{FAE04EC0-301F-11D3-BF4B-00C04F79EFBC}") = "MyShop.UI", "Test\MyShop.UI.csproj", "{33F4901D-14EF-4ECE-B94A-FA09F3886D31}"
EndProject
Project("{FAE04EC0-301F-11D3-BF4B-00C04F79EFBC}") = "MyShop.BusinessLogic", "Test.BusinessLogic\MyShop.BusinessLogic.csproj", "{5640E95F-4E18-4A5C-B6F4-6710F55EC227}"
EndProject
Project("{FAE04EC0-301F-11D3-BF4B-00C04F79EFBC}") = "MyShop.DataAccess", "MyShop.DataAccess\MyShop.DataAccess.csproj", "{2E2C685A-0063-410C-85D1-D992E70029BA}"
EndProject
Global
	GlobalSection(SolutionConfigurationPlatforms) = preSolution
		Debug|Any CPU = Debug|Any CPU
		Release|Any CPU = Release|Any CPU
	EndGlobalSection
	GlobalSection(ProjectConfigurationPlatforms) = postSolution
		{33F4901D-14EF-4ECE-B94A-FA09F3886D31}.Debug|Any CPU.ActiveCfg = Debug|Any CPU
		{33F4901D-14EF-4ECE-B94A-FA09F3886D31}.Debug|Any CPU.Build.0 = Debug|Any CPU
		{33F4901D-14EF-4ECE-B94A-FA09F3886D31}.Release|Any CPU.ActiveCfg = Release|Any CPU
		{33F4901D-14EF-4ECE-B94A-FA09F3886D31}.Release|Any CPU.Build.0 = Release|Any CPU
		{5640E95F-4E18-4A5C-B6F4-6710F55EC227}.Debug|Any CPU.ActiveCfg = Debug|Any CPU
		{5640E95F-4E18-4A5C-B6F4-6710F55EC227}.Debug|Any CPU.Build.0 = Debug|Any CPU
		{5640E95F-4E18-4A5C-B6F4-6710F55EC227}.Release|Any CPU.ActiveCfg = Release|Any CPU
		{5640E95F-4E18-4A5C-B6F4-6710F55EC227}.Release|Any CPU.Build.0 = Release|Any CPU
		{2E2C685A-0063-410C-85D1-D992E70029BA}.Debug|Any CPU.ActiveCfg = Debug|Any CPU
		{2E2C685A-0063-410C-85D1-D992E70029BA}.Debug|Any CPU.Build.0 = Debug|Any CPU
		{2E2C685A-0063-410C-85D1-D992E70029BA}.Release|Any CPU.ActiveCfg = Release|Any CPU
		{2E2C685A-0063-410C-85D1-D992E70029BA}.Release|Any CPU.Build.0 = Release|Any CPU
	EndGlobalSection
	GlobalSection(SolutionProperties) = preSolution
		HideSolutionNode = FALSE
	EndGlobalSection
	GlobalSection(ExtensibilityGlobals) = postSolution
		SolutionGuid = {4856385F-AF8B-4FD7-A2A3-27378F42E3E8}
	EndGlobalSection
EndGlobal
